// !$*UTF8*$!
{
	archiveVersion = 1;
	classes = {
	};
	objectVersion = 56;
	objects = {

/* Begin PBXBuildFile section */
		320566AE2A81C6CA00129C20 /* ProgressTableViewController.swift in Sources */ = {isa = PBXBuildFile; fileRef = 320566AD2A81C6CA00129C20 /* ProgressTableViewController.swift */; };
		320566B02A81CA4E00129C20 /* ProgressCellView.swift in Sources */ = {isa = PBXBuildFile; fileRef = 320566AF2A81CA4E00129C20 /* ProgressCellView.swift */; };
		321FAB322A92EAC0007E208B /* AccentColorTableViewController.swift in Sources */ = {isa = PBXBuildFile; fileRef = 321FAB312A92EAC0007E208B /* AccentColorTableViewController.swift */; };
		325B41602A82C215001AB323 /* ProgressDetailViewController.swift in Sources */ = {isa = PBXBuildFile; fileRef = 325B415F2A82C215001AB323 /* ProgressDetailViewController.swift */; };
		325B41622A82C299001AB323 /* ProgressDetailView.swift in Sources */ = {isa = PBXBuildFile; fileRef = 325B41612A82C299001AB323 /* ProgressDetailView.swift */; };
		325FEA712A8D9AAA00A097E7 /* SettingsTableViewController.swift in Sources */ = {isa = PBXBuildFile; fileRef = 325FEA702A8D9AAA00A097E7 /* SettingsTableViewController.swift */; };
		325FEA732A8D9EE900A097E7 /* WeightUnitTableViewController.swift in Sources */ = {isa = PBXBuildFile; fileRef = 325FEA722A8D9EE900A097E7 /* WeightUnitTableViewController.swift */; };
		325FEA752A8D9FB900A097E7 /* WeightType.swift in Sources */ = {isa = PBXBuildFile; fileRef = 325FEA742A8D9FB900A097E7 /* WeightType.swift */; };
		325FEA772A8DAC2400A097E7 /* ThemeTableViewController.swift in Sources */ = {isa = PBXBuildFile; fileRef = 325FEA762A8DAC2400A097E7 /* ThemeTableViewController.swift */; };
		325FEA792A8DACD500A097E7 /* Theme.swift in Sources */ = {isa = PBXBuildFile; fileRef = 325FEA782A8DACD500A097E7 /* Theme.swift */; };
		326BA31F2A79A736005E9473 /* WorkoutDetailTableViewController.swift in Sources */ = {isa = PBXBuildFile; fileRef = 326BA31E2A79A736005E9473 /* WorkoutDetailTableViewController.swift */; };
		326BA3252A7DAE38005E9473 /* LoggedWorkoutTableViewController.swift in Sources */ = {isa = PBXBuildFile; fileRef = 326BA3242A7DAE38005E9473 /* LoggedWorkoutTableViewController.swift */; };
		326BA3272A7EC79E005E9473 /* LoggedWorkout.swift in Sources */ = {isa = PBXBuildFile; fileRef = 326BA3262A7EC79E005E9473 /* LoggedWorkout.swift */; };
		326BA3292A7ED32C005E9473 /* LoggedWorkoutTableViewCell.swift in Sources */ = {isa = PBXBuildFile; fileRef = 326BA3282A7ED32C005E9473 /* LoggedWorkoutTableViewCell.swift */; };
		326BA32B2A7FE962005E9473 /* Settings.swift in Sources */ = {isa = PBXBuildFile; fileRef = 326BA32A2A7FE962005E9473 /* Settings.swift */; };
		326CCA292A70C18E00A4716C /* AppDelegate.swift in Sources */ = {isa = PBXBuildFile; fileRef = 326CCA282A70C18E00A4716C /* AppDelegate.swift */; };
		326CCA2B2A70C18E00A4716C /* SceneDelegate.swift in Sources */ = {isa = PBXBuildFile; fileRef = 326CCA2A2A70C18E00A4716C /* SceneDelegate.swift */; };
		326CCA302A70C18E00A4716C /* Main.storyboard in Resources */ = {isa = PBXBuildFile; fileRef = 326CCA2E2A70C18E00A4716C /* Main.storyboard */; };
		326CCA322A70C18F00A4716C /* Assets.xcassets in Resources */ = {isa = PBXBuildFile; fileRef = 326CCA312A70C18F00A4716C /* Assets.xcassets */; };
		326CCA352A70C18F00A4716C /* LaunchScreen.storyboard in Resources */ = {isa = PBXBuildFile; fileRef = 326CCA332A70C18F00A4716C /* LaunchScreen.storyboard */; };
		326CCA402A71E91800A4716C /* WorkoutTableViewController.swift in Sources */ = {isa = PBXBuildFile; fileRef = 326CCA3F2A71E91800A4716C /* WorkoutTableViewController.swift */; };
		326CCA432A71F6D200A4716C /* WorkoutTableViewCell.swift in Sources */ = {isa = PBXBuildFile; fileRef = 326CCA422A71F6D200A4716C /* WorkoutTableViewCell.swift */; };
		326CCA452A71F77C00A4716C /* Workout.swift in Sources */ = {isa = PBXBuildFile; fileRef = 326CCA442A71F77C00A4716C /* Workout.swift */; };
		326CCA472A71F90F00A4716C /* Exercise.swift in Sources */ = {isa = PBXBuildFile; fileRef = 326CCA462A71F90F00A4716C /* Exercise.swift */; };
		326D02392A75DE81006EB616 /* AddEditWorkoutTableViewController.swift in Sources */ = {isa = PBXBuildFile; fileRef = 326D02382A75DE81006EB616 /* AddEditWorkoutTableViewController.swift */; };
		326D023B2A75E388006EB616 /* ExerciseTableViewCell.swift in Sources */ = {isa = PBXBuildFile; fileRef = 326D023A2A75E388006EB616 /* ExerciseTableViewCell.swift */; };
		326D023D2A75F32F006EB616 /* WorkoutTitleTableViewCell.swift in Sources */ = {isa = PBXBuildFile; fileRef = 326D023C2A75F32F006EB616 /* WorkoutTitleTableViewCell.swift */; };
/* End PBXBuildFile section */

/* Begin PBXFileReference section */
		320566AD2A81C6CA00129C20 /* ProgressTableViewController.swift */ = {isa = PBXFileReference; lastKnownFileType = sourcecode.swift; path = ProgressTableViewController.swift; sourceTree = "<group>"; };
		320566AF2A81CA4E00129C20 /* ProgressCellView.swift */ = {isa = PBXFileReference; lastKnownFileType = sourcecode.swift; path = ProgressCellView.swift; sourceTree = "<group>"; };
		321FAB312A92EAC0007E208B /* AccentColorTableViewController.swift */ = {isa = PBXFileReference; lastKnownFileType = sourcecode.swift; path = AccentColorTableViewController.swift; sourceTree = "<group>"; };
		325B415F2A82C215001AB323 /* ProgressDetailViewController.swift */ = {isa = PBXFileReference; lastKnownFileType = sourcecode.swift; path = ProgressDetailViewController.swift; sourceTree = "<group>"; };
		325B41612A82C299001AB323 /* ProgressDetailView.swift */ = {isa = PBXFileReference; lastKnownFileType = sourcecode.swift; path = ProgressDetailView.swift; sourceTree = "<group>"; };
		325FEA702A8D9AAA00A097E7 /* SettingsTableViewController.swift */ = {isa = PBXFileReference; lastKnownFileType = sourcecode.swift; path = SettingsTableViewController.swift; sourceTree = "<group>"; };
		325FEA722A8D9EE900A097E7 /* WeightUnitTableViewController.swift */ = {isa = PBXFileReference; lastKnownFileType = sourcecode.swift; path = WeightUnitTableViewController.swift; sourceTree = "<group>"; };
		325FEA742A8D9FB900A097E7 /* WeightType.swift */ = {isa = PBXFileReference; lastKnownFileType = sourcecode.swift; path = WeightType.swift; sourceTree = "<group>"; };
		325FEA762A8DAC2400A097E7 /* ThemeTableViewController.swift */ = {isa = PBXFileReference; lastKnownFileType = sourcecode.swift; path = ThemeTableViewController.swift; sourceTree = "<group>"; };
		325FEA782A8DACD500A097E7 /* Theme.swift */ = {isa = PBXFileReference; lastKnownFileType = sourcecode.swift; path = Theme.swift; sourceTree = "<group>"; };
		326BA31E2A79A736005E9473 /* WorkoutDetailTableViewController.swift */ = {isa = PBXFileReference; lastKnownFileType = sourcecode.swift; path = WorkoutDetailTableViewController.swift; sourceTree = "<group>"; };
		326BA3242A7DAE38005E9473 /* LoggedWorkoutTableViewController.swift */ = {isa = PBXFileReference; lastKnownFileType = sourcecode.swift; path = LoggedWorkoutTableViewController.swift; sourceTree = "<group>"; };
		326BA3262A7EC79E005E9473 /* LoggedWorkout.swift */ = {isa = PBXFileReference; lastKnownFileType = sourcecode.swift; path = LoggedWorkout.swift; sourceTree = "<group>"; };
		326BA3282A7ED32C005E9473 /* LoggedWorkoutTableViewCell.swift */ = {isa = PBXFileReference; lastKnownFileType = sourcecode.swift; path = LoggedWorkoutTableViewCell.swift; sourceTree = "<group>"; };
		326BA32A2A7FE962005E9473 /* Settings.swift */ = {isa = PBXFileReference; lastKnownFileType = sourcecode.swift; path = Settings.swift; sourceTree = "<group>"; };
		326CCA252A70C18E00A4716C /* SwiftLift.app */ = {isa = PBXFileReference; explicitFileType = wrapper.application; includeInIndex = 0; path = SwiftLift.app; sourceTree = BUILT_PRODUCTS_DIR; };
		326CCA282A70C18E00A4716C /* AppDelegate.swift */ = {isa = PBXFileReference; lastKnownFileType = sourcecode.swift; path = AppDelegate.swift; sourceTree = "<group>"; };
		326CCA2A2A70C18E00A4716C /* SceneDelegate.swift */ = {isa = PBXFileReference; lastKnownFileType = sourcecode.swift; path = SceneDelegate.swift; sourceTree = "<group>"; };
		326CCA2F2A70C18E00A4716C /* Base */ = {isa = PBXFileReference; lastKnownFileType = file.storyboard; name = Base; path = Base.lproj/Main.storyboard; sourceTree = "<group>"; };
		326CCA312A70C18F00A4716C /* Assets.xcassets */ = {isa = PBXFileReference; lastKnownFileType = folder.assetcatalog; path = Assets.xcassets; sourceTree = "<group>"; };
		326CCA342A70C18F00A4716C /* Base */ = {isa = PBXFileReference; lastKnownFileType = file.storyboard; name = Base; path = Base.lproj/LaunchScreen.storyboard; sourceTree = "<group>"; };
		326CCA362A70C18F00A4716C /* Info.plist */ = {isa = PBXFileReference; lastKnownFileType = text.plist.xml; path = Info.plist; sourceTree = "<group>"; };
		326CCA3F2A71E91800A4716C /* WorkoutTableViewController.swift */ = {isa = PBXFileReference; lastKnownFileType = sourcecode.swift; path = WorkoutTableViewController.swift; sourceTree = "<group>"; };
		326CCA422A71F6D200A4716C /* WorkoutTableViewCell.swift */ = {isa = PBXFileReference; lastKnownFileType = sourcecode.swift; path = WorkoutTableViewCell.swift; sourceTree = "<group>"; };
		326CCA442A71F77C00A4716C /* Workout.swift */ = {isa = PBXFileReference; lastKnownFileType = sourcecode.swift; path = Workout.swift; sourceTree = "<group>"; };
		326CCA462A71F90F00A4716C /* Exercise.swift */ = {isa = PBXFileReference; lastKnownFileType = sourcecode.swift; path = Exercise.swift; sourceTree = "<group>"; };
		326D02382A75DE81006EB616 /* AddEditWorkoutTableViewController.swift */ = {isa = PBXFileReference; lastKnownFileType = sourcecode.swift; path = AddEditWorkoutTableViewController.swift; sourceTree = "<group>"; };
		326D023A2A75E388006EB616 /* ExerciseTableViewCell.swift */ = {isa = PBXFileReference; lastKnownFileType = sourcecode.swift; path = ExerciseTableViewCell.swift; sourceTree = "<group>"; };
		326D023C2A75F32F006EB616 /* WorkoutTitleTableViewCell.swift */ = {isa = PBXFileReference; lastKnownFileType = sourcecode.swift; path = WorkoutTitleTableViewCell.swift; sourceTree = "<group>"; };
/* End PBXFileReference section */

/* Begin PBXFrameworksBuildPhase section */
		326CCA222A70C18E00A4716C /* Frameworks */ = {
			isa = PBXFrameworksBuildPhase;
			buildActionMask = 2147483647;
			files = (
			);
			runOnlyForDeploymentPostprocessing = 0;
		};
/* End PBXFrameworksBuildPhase section */

/* Begin PBXGroup section */
		326CCA1C2A70C18E00A4716C = {
			isa = PBXGroup;
			children = (
				326CCA272A70C18E00A4716C /* WorkoutTracker */,
				326CCA262A70C18E00A4716C /* Products */,
			);
			sourceTree = "<group>";
		};
		326CCA262A70C18E00A4716C /* Products */ = {
			isa = PBXGroup;
			children = (
				326CCA252A70C18E00A4716C /* SwiftLift.app */,
			);
			name = Products;
			sourceTree = "<group>";
		};
		326CCA272A70C18E00A4716C /* WorkoutTracker */ = {
			isa = PBXGroup;
			children = (
				326CCA3D2A71E86F00A4716C /* Models */,
				326CCA412A71F6B700A4716C /* Views */,
				326CCA3C2A71E81D00A4716C /* ViewControllers */,
				326CCA282A70C18E00A4716C /* AppDelegate.swift */,
				326CCA2A2A70C18E00A4716C /* SceneDelegate.swift */,
				326CCA2E2A70C18E00A4716C /* Main.storyboard */,
				326CCA312A70C18F00A4716C /* Assets.xcassets */,
				326CCA332A70C18F00A4716C /* LaunchScreen.storyboard */,
				326CCA362A70C18F00A4716C /* Info.plist */,
				326BA32A2A7FE962005E9473 /* Settings.swift */,
			);
			path = WorkoutTracker;
			sourceTree = "<group>";
		};
		326CCA3C2A71E81D00A4716C /* ViewControllers */ = {
			isa = PBXGroup;
			children = (
				326CCA3F2A71E91800A4716C /* WorkoutTableViewController.swift */,
				326D02382A75DE81006EB616 /* AddEditWorkoutTableViewController.swift */,
				326BA31E2A79A736005E9473 /* WorkoutDetailTableViewController.swift */,
				326BA3242A7DAE38005E9473 /* LoggedWorkoutTableViewController.swift */,
				320566AD2A81C6CA00129C20 /* ProgressTableViewController.swift */,
				325B415F2A82C215001AB323 /* ProgressDetailViewController.swift */,
				325FEA702A8D9AAA00A097E7 /* SettingsTableViewController.swift */,
				325FEA722A8D9EE900A097E7 /* WeightUnitTableViewController.swift */,
				325FEA762A8DAC2400A097E7 /* ThemeTableViewController.swift */,
				321FAB312A92EAC0007E208B /* AccentColorTableViewController.swift */,
			);
			path = ViewControllers;
			sourceTree = "<group>";
		};
		326CCA3D2A71E86F00A4716C /* Models */ = {
			isa = PBXGroup;
			children = (
				326CCA442A71F77C00A4716C /* Workout.swift */,
				326CCA462A71F90F00A4716C /* Exercise.swift */,
				326BA3262A7EC79E005E9473 /* LoggedWorkout.swift */,
				325FEA742A8D9FB900A097E7 /* WeightType.swift */,
				325FEA782A8DACD500A097E7 /* Theme.swift */,
			);
			path = Models;
			sourceTree = "<group>";
		};
		326CCA412A71F6B700A4716C /* Views */ = {
			isa = PBXGroup;
			children = (
				326CCA422A71F6D200A4716C /* WorkoutTableViewCell.swift */,
				326D023A2A75E388006EB616 /* ExerciseTableViewCell.swift */,
				326D023C2A75F32F006EB616 /* WorkoutTitleTableViewCell.swift */,
				326BA3282A7ED32C005E9473 /* LoggedWorkoutTableViewCell.swift */,
				320566AF2A81CA4E00129C20 /* ProgressCellView.swift */,
				325B41612A82C299001AB323 /* ProgressDetailView.swift */,
			);
			path = Views;
			sourceTree = "<group>";
		};
/* End PBXGroup section */

/* Begin PBXNativeTarget section */
		326CCA242A70C18E00A4716C /* SwiftLift */ = {
			isa = PBXNativeTarget;
			buildConfigurationList = 326CCA392A70C18F00A4716C /* Build configuration list for PBXNativeTarget "SwiftLift" */;
			buildPhases = (
				326CCA212A70C18E00A4716C /* Sources */,
				326CCA222A70C18E00A4716C /* Frameworks */,
				326CCA232A70C18E00A4716C /* Resources */,
			);
			buildRules = (
			);
			dependencies = (
			);
			name = SwiftLift;
			productName = WorkoutTracker;
			productReference = 326CCA252A70C18E00A4716C /* SwiftLift.app */;
			productType = "com.apple.product-type.application";
		};
/* End PBXNativeTarget section */

/* Begin PBXProject section */
		326CCA1D2A70C18E00A4716C /* Project object */ = {
			isa = PBXProject;
			attributes = {
				BuildIndependentTargetsInParallel = 1;
				LastSwiftUpdateCheck = 1430;
				LastUpgradeCheck = 1430;
				TargetAttributes = {
					326CCA242A70C18E00A4716C = {
						CreatedOnToolsVersion = 14.3;
					};
				};
			};
			buildConfigurationList = 326CCA202A70C18E00A4716C /* Build configuration list for PBXProject "WorkoutTracker" */;
			compatibilityVersion = "Xcode 14.0";
			developmentRegion = en;
			hasScannedForEncodings = 0;
			knownRegions = (
				en,
				Base,
			);
			mainGroup = 326CCA1C2A70C18E00A4716C;
			productRefGroup = 326CCA262A70C18E00A4716C /* Products */;
			projectDirPath = "";
			projectRoot = "";
			targets = (
				326CCA242A70C18E00A4716C /* SwiftLift */,
			);
		};
/* End PBXProject section */

/* Begin PBXResourcesBuildPhase section */
		326CCA232A70C18E00A4716C /* Resources */ = {
			isa = PBXResourcesBuildPhase;
			buildActionMask = 2147483647;
			files = (
				326CCA352A70C18F00A4716C /* LaunchScreen.storyboard in Resources */,
				326CCA322A70C18F00A4716C /* Assets.xcassets in Resources */,
				326CCA302A70C18E00A4716C /* Main.storyboard in Resources */,
			);
			runOnlyForDeploymentPostprocessing = 0;
		};
/* End PBXResourcesBuildPhase section */

/* Begin PBXSourcesBuildPhase section */
		326CCA212A70C18E00A4716C /* Sources */ = {
			isa = PBXSourcesBuildPhase;
			buildActionMask = 2147483647;
			files = (
				326BA3252A7DAE38005E9473 /* LoggedWorkoutTableViewController.swift in Sources */,
				320566B02A81CA4E00129C20 /* ProgressCellView.swift in Sources */,
				325B41622A82C299001AB323 /* ProgressDetailView.swift in Sources */,
				325FEA792A8DACD500A097E7 /* Theme.swift in Sources */,
				326CCA292A70C18E00A4716C /* AppDelegate.swift in Sources */,
				326BA3272A7EC79E005E9473 /* LoggedWorkout.swift in Sources */,
				325FEA752A8D9FB900A097E7 /* WeightType.swift in Sources */,
				321FAB322A92EAC0007E208B /* AccentColorTableViewController.swift in Sources */,
				325FEA732A8D9EE900A097E7 /* WeightUnitTableViewController.swift in Sources */,
				325FEA772A8DAC2400A097E7 /* ThemeTableViewController.swift in Sources */,
				326BA31F2A79A736005E9473 /* WorkoutDetailTableViewController.swift in Sources */,
				326BA32B2A7FE962005E9473 /* Settings.swift in Sources */,
				326D023B2A75E388006EB616 /* ExerciseTableViewCell.swift in Sources */,
				326CCA2B2A70C18E00A4716C /* SceneDelegate.swift in Sources */,
				326CCA402A71E91800A4716C /* WorkoutTableViewController.swift in Sources */,
				326CCA452A71F77C00A4716C /* Workout.swift in Sources */,
				326BA3292A7ED32C005E9473 /* LoggedWorkoutTableViewCell.swift in Sources */,
				326CCA432A71F6D200A4716C /* WorkoutTableViewCell.swift in Sources */,
				320566AE2A81C6CA00129C20 /* ProgressTableViewController.swift in Sources */,
				325B41602A82C215001AB323 /* ProgressDetailViewController.swift in Sources */,
				326CCA472A71F90F00A4716C /* Exercise.swift in Sources */,
				325FEA712A8D9AAA00A097E7 /* SettingsTableViewController.swift in Sources */,
				326D023D2A75F32F006EB616 /* WorkoutTitleTableViewCell.swift in Sources */,
				326D02392A75DE81006EB616 /* AddEditWorkoutTableViewController.swift in Sources */,
			);
			runOnlyForDeploymentPostprocessing = 0;
		};
/* End PBXSourcesBuildPhase section */

/* Begin PBXVariantGroup section */
		326CCA2E2A70C18E00A4716C /* Main.storyboard */ = {
			isa = PBXVariantGroup;
			children = (
				326CCA2F2A70C18E00A4716C /* Base */,
			);
			name = Main.storyboard;
			sourceTree = "<group>";
		};
		326CCA332A70C18F00A4716C /* LaunchScreen.storyboard */ = {
			isa = PBXVariantGroup;
			children = (
				326CCA342A70C18F00A4716C /* Base */,
			);
			name = LaunchScreen.storyboard;
			sourceTree = "<group>";
		};
/* End PBXVariantGroup section */

/* Begin XCBuildConfiguration section */
		326CCA372A70C18F00A4716C /* Debug */ = {
			isa = XCBuildConfiguration;
			buildSettings = {
				ALWAYS_SEARCH_USER_PATHS = NO;
				CLANG_ANALYZER_NONNULL = YES;
				CLANG_ANALYZER_NUMBER_OBJECT_CONVERSION = YES_AGGRESSIVE;
				CLANG_CXX_LANGUAGE_STANDARD = "gnu++20";
				CLANG_ENABLE_MODULES = YES;
				CLANG_ENABLE_OBJC_ARC = YES;
				CLANG_ENABLE_OBJC_WEAK = YES;
				CLANG_WARN_BLOCK_CAPTURE_AUTORELEASING = YES;
				CLANG_WARN_BOOL_CONVERSION = YES;
				CLANG_WARN_COMMA = YES;
				CLANG_WARN_CONSTANT_CONVERSION = YES;
				CLANG_WARN_DEPRECATED_OBJC_IMPLEMENTATIONS = YES;
				CLANG_WARN_DIRECT_OBJC_ISA_USAGE = YES_ERROR;
				CLANG_WARN_DOCUMENTATION_COMMENTS = YES;
				CLANG_WARN_EMPTY_BODY = YES;
				CLANG_WARN_ENUM_CONVERSION = YES;
				CLANG_WARN_INFINITE_RECURSION = YES;
				CLANG_WARN_INT_CONVERSION = YES;
				CLANG_WARN_NON_LITERAL_NULL_CONVERSION = YES;
				CLANG_WARN_OBJC_IMPLICIT_RETAIN_SELF = YES;
				CLANG_WARN_OBJC_LITERAL_CONVERSION = YES;
				CLANG_WARN_OBJC_ROOT_CLASS = YES_ERROR;
				CLANG_WARN_QUOTED_INCLUDE_IN_FRAMEWORK_HEADER = YES;
				CLANG_WARN_RANGE_LOOP_ANALYSIS = YES;
				CLANG_WARN_STRICT_PROTOTYPES = YES;
				CLANG_WARN_SUSPICIOUS_MOVE = YES;
				CLANG_WARN_UNGUARDED_AVAILABILITY = YES_AGGRESSIVE;
				CLANG_WARN_UNREACHABLE_CODE = YES;
				CLANG_WARN__DUPLICATE_METHOD_MATCH = YES;
				COPY_PHASE_STRIP = NO;
				DEBUG_INFORMATION_FORMAT = dwarf;
				ENABLE_STRICT_OBJC_MSGSEND = YES;
				ENABLE_TESTABILITY = YES;
				GCC_C_LANGUAGE_STANDARD = gnu11;
				GCC_DYNAMIC_NO_PIC = NO;
				GCC_NO_COMMON_BLOCKS = YES;
				GCC_OPTIMIZATION_LEVEL = 0;
				GCC_PREPROCESSOR_DEFINITIONS = (
					"DEBUG=1",
					"$(inherited)",
				);
				GCC_WARN_64_TO_32_BIT_CONVERSION = YES;
				GCC_WARN_ABOUT_RETURN_TYPE = YES_ERROR;
				GCC_WARN_UNDECLARED_SELECTOR = YES;
				GCC_WARN_UNINITIALIZED_AUTOS = YES_AGGRESSIVE;
				GCC_WARN_UNUSED_FUNCTION = YES;
				GCC_WARN_UNUSED_VARIABLE = YES;
				IPHONEOS_DEPLOYMENT_TARGET = 16.4;
				MTL_ENABLE_DEBUG_INFO = INCLUDE_SOURCE;
				MTL_FAST_MATH = YES;
				ONLY_ACTIVE_ARCH = YES;
				SDKROOT = iphoneos;
				SWIFT_ACTIVE_COMPILATION_CONDITIONS = DEBUG;
				SWIFT_OPTIMIZATION_LEVEL = "-Onone";
			};
			name = Debug;
		};
		326CCA382A70C18F00A4716C /* Release */ = {
			isa = XCBuildConfiguration;
			buildSettings = {
				ALWAYS_SEARCH_USER_PATHS = NO;
				CLANG_ANALYZER_NONNULL = YES;
				CLANG_ANALYZER_NUMBER_OBJECT_CONVERSION = YES_AGGRESSIVE;
				CLANG_CXX_LANGUAGE_STANDARD = "gnu++20";
				CLANG_ENABLE_MODULES = YES;
				CLANG_ENABLE_OBJC_ARC = YES;
				CLANG_ENABLE_OBJC_WEAK = YES;
				CLANG_WARN_BLOCK_CAPTURE_AUTORELEASING = YES;
				CLANG_WARN_BOOL_CONVERSION = YES;
				CLANG_WARN_COMMA = YES;
				CLANG_WARN_CONSTANT_CONVERSION = YES;
				CLANG_WARN_DEPRECATED_OBJC_IMPLEMENTATIONS = YES;
				CLANG_WARN_DIRECT_OBJC_ISA_USAGE = YES_ERROR;
				CLANG_WARN_DOCUMENTATION_COMMENTS = YES;
				CLANG_WARN_EMPTY_BODY = YES;
				CLANG_WARN_ENUM_CONVERSION = YES;
				CLANG_WARN_INFINITE_RECURSION = YES;
				CLANG_WARN_INT_CONVERSION = YES;
				CLANG_WARN_NON_LITERAL_NULL_CONVERSION = YES;
				CLANG_WARN_OBJC_IMPLICIT_RETAIN_SELF = YES;
				CLANG_WARN_OBJC_LITERAL_CONVERSION = YES;
				CLANG_WARN_OBJC_ROOT_CLASS = YES_ERROR;
				CLANG_WARN_QUOTED_INCLUDE_IN_FRAMEWORK_HEADER = YES;
				CLANG_WARN_RANGE_LOOP_ANALYSIS = YES;
				CLANG_WARN_STRICT_PROTOTYPES = YES;
				CLANG_WARN_SUSPICIOUS_MOVE = YES;
				CLANG_WARN_UNGUARDED_AVAILABILITY = YES_AGGRESSIVE;
				CLANG_WARN_UNREACHABLE_CODE = YES;
				CLANG_WARN__DUPLICATE_METHOD_MATCH = YES;
				COPY_PHASE_STRIP = NO;
				DEBUG_INFORMATION_FORMAT = "dwarf-with-dsym";
				ENABLE_NS_ASSERTIONS = NO;
				ENABLE_STRICT_OBJC_MSGSEND = YES;
				GCC_C_LANGUAGE_STANDARD = gnu11;
				GCC_NO_COMMON_BLOCKS = YES;
				GCC_WARN_64_TO_32_BIT_CONVERSION = YES;
				GCC_WARN_ABOUT_RETURN_TYPE = YES_ERROR;
				GCC_WARN_UNDECLARED_SELECTOR = YES;
				GCC_WARN_UNINITIALIZED_AUTOS = YES_AGGRESSIVE;
				GCC_WARN_UNUSED_FUNCTION = YES;
				GCC_WARN_UNUSED_VARIABLE = YES;
				IPHONEOS_DEPLOYMENT_TARGET = 16.4;
				MTL_ENABLE_DEBUG_INFO = NO;
				MTL_FAST_MATH = YES;
				SDKROOT = iphoneos;
				SWIFT_COMPILATION_MODE = wholemodule;
				SWIFT_OPTIMIZATION_LEVEL = "-O";
				VALIDATE_PRODUCT = YES;
			};
			name = Release;
		};
		326CCA3A2A70C18F00A4716C /* Debug */ = {
			isa = XCBuildConfiguration;
			buildSettings = {
				ASSETCATALOG_COMPILER_APPICON_NAME = AppIcon;
				ASSETCATALOG_COMPILER_GLOBAL_ACCENT_COLOR_NAME = AccentColor;
				CODE_SIGN_STYLE = Automatic;
				CURRENT_PROJECT_VERSION = 1;
				DEVELOPMENT_TEAM = 8KHAQ7W8KV;
				GENERATE_INFOPLIST_FILE = YES;
				INFOPLIST_FILE = WorkoutTracker/Info.plist;
				INFOPLIST_KEY_UIApplicationSupportsIndirectInputEvents = YES;
				INFOPLIST_KEY_UILaunchStoryboardName = LaunchScreen;
				INFOPLIST_KEY_UIMainStoryboardFile = Main;
				INFOPLIST_KEY_UISupportedInterfaceOrientations_iPad = "UIInterfaceOrientationPortrait UIInterfaceOrientationPortraitUpsideDown UIInterfaceOrientationLandscapeLeft UIInterfaceOrientationLandscapeRight";
				INFOPLIST_KEY_UISupportedInterfaceOrientations_iPhone = "UIInterfaceOrientationPortrait UIInterfaceOrientationLandscapeLeft UIInterfaceOrientationLandscapeRight";
				LD_RUNPATH_SEARCH_PATHS = (
					"$(inherited)",
					"@executable_path/Frameworks",
				);
				MARKETING_VERSION = 1.0;
				PRODUCT_BUNDLE_IDENTIFIER = com.example.SwiftLift;
				PRODUCT_NAME = "$(TARGET_NAME)";
				SWIFT_EMIT_LOC_STRINGS = YES;
				SWIFT_VERSION = 5.0;
				TARGETED_DEVICE_FAMILY = "1,2";
			};
			name = Debug;
		};
		326CCA3B2A70C18F00A4716C /* Release */ = {
			isa = XCBuildConfiguration;
			buildSettings = {
				ASSETCATALOG_COMPILER_APPICON_NAME = AppIcon;
				ASSETCATALOG_COMPILER_GLOBAL_ACCENT_COLOR_NAME = AccentColor;
				CODE_SIGN_STYLE = Automatic;
				CURRENT_PROJECT_VERSION = 1;
				DEVELOPMENT_TEAM = 8KHAQ7W8KV;
				GENERATE_INFOPLIST_FILE = YES;
				INFOPLIST_FILE = WorkoutTracker/Info.plist;
				INFOPLIST_KEY_UIApplicationSupportsIndirectInputEvents = YES;
				INFOPLIST_KEY_UILaunchStoryboardName = LaunchScreen;
				INFOPLIST_KEY_UIMainStoryboardFile = Main;
				INFOPLIST_KEY_UISupportedInterfaceOrientations_iPad = "UIInterfaceOrientationPortrait UIInterfaceOrientationPortraitUpsideDown UIInterfaceOrientationLandscapeLeft UIInterfaceOrientationLandscapeRight";
				INFOPLIST_KEY_UISupportedInterfaceOrientations_iPhone = "UIInterfaceOrientationPortrait UIInterfaceOrientationLandscapeLeft UIInterfaceOrientationLandscapeRight";
				LD_RUNPATH_SEARCH_PATHS = (
					"$(inherited)",
					"@executable_path/Frameworks",
				);
				MARKETING_VERSION = 1.0;
				PRODUCT_BUNDLE_IDENTIFIER = com.example.SwiftLift;
				PRODUCT_NAME = "$(TARGET_NAME)";
				SWIFT_EMIT_LOC_STRINGS = YES;
				SWIFT_VERSION = 5.0;
				TARGETED_DEVICE_FAMILY = "1,2";
			};
			name = Release;
		};
/* End XCBuildConfiguration section */

/* Begin XCConfigurationList section */
		326CCA202A70C18E00A4716C /* Build configuration list for PBXProject "WorkoutTracker" */ = {
			isa = XCConfigurationList;
			buildConfigurations = (
				326CCA372A70C18F00A4716C /* Debug */,
				326CCA382A70C18F00A4716C /* Release */,
			);
			defaultConfigurationIsVisible = 0;
			defaultConfigurationName = Release;
		};
		326CCA392A70C18F00A4716C /* Build configuration list for PBXNativeTarget "SwiftLift" */ = {
			isa = XCConfigurationList;
			buildConfigurations = (
				326CCA3A2A70C18F00A4716C /* Debug */,
				326CCA3B2A70C18F00A4716C /* Release */,
			);
			defaultConfigurationIsVisible = 0;
			defaultConfigurationName = Release;
		};
/* End XCConfigurationList section */
	};
	rootObject = 326CCA1D2A70C18E00A4716C /* Project object */;
}
